
Microsoft Visual Studio Solution File, Format Version 12.00
# Visual Studio Version 17
VisualStudioVersion = 17.6.33829.357
MinimumVisualStudioVersion = 10.0.40219.1
Project("{FAE04EC0-301F-11D3-BF4B-00C04F79EFBC}") = "CSharp_tinhcangchi1", "CSharp_tinhcangchi1.csproj", "{72DB7122-85A2-438D-B6AD-406B9C8D873A}"
EndProject
Global
	GlobalSection(SolutionConfigurationPlatforms) = preSolution
		Debug|Any CPU = Debug|Any CPU
		Release|Any CPU = Release|Any CPU
	EndGlobalSection
	GlobalSection(ProjectConfigurationPlatforms) = postSolution
		{72DB7122-85A2-438D-B6AD-406B9C8D873A}.Debug|Any CPU.ActiveCfg = Debug|Any CPU
		{72DB7122-85A2-438D-B6AD-406B9C8D873A}.Debug|Any CPU.Build.0 = Debug|Any CPU
		{72DB7122-85A2-438D-B6AD-406B9C8D873A}.Release|Any CPU.ActiveCfg = Release|Any CPU
		{72DB7122-85A2-438D-B6AD-406B9C8D873A}.Release|Any CPU.Build.0 = Release|Any CPU
	EndGlobalSection
	GlobalSection(SolutionProperties) = preSolution
		HideSolutionNode = FALSE
	EndGlobalSection
	GlobalSection(ExtensibilityGlobals) = postSolution
		SolutionGuid = {E6507DC8-E932-49C8-BD7F-1268FD479F3B}
	EndGlobalSection
EndGlobal
